
Microsoft Visual Studio Solution File, Format Version 12.00
# Visual Studio Version 17
VisualStudioVersion = 17.0.31903.59
MinimumVisualStudioVersion = 10.0.40219.1
Project("{FAE04EC0-301F-11D3-BF4B-00C04F79EFBC}") = "POS", "POS\POS.csproj", "{E7FA43CF-22E0-4E79-B6AF-91757E7C4F40}"
EndProject
Project("{FAE04EC0-301F-11D3-BF4B-00C04F79EFBC}") = "PMS", "PMS\PMS.csproj", "{FF8A11AC-7A0C-4A25-B162-985B6EC32A00}"
EndProject
Project("{FAE04EC0-301F-11D3-BF4B-00C04F79EFBC}") = "Accounting", "Accounting\Accounting.csproj", "{FC2F8F2F-A514-4074-A051-9F17B2888EAD}"
EndProject
Global
	GlobalSection(SolutionConfigurationPlatforms) = preSolution
		Debug|Any CPU = Debug|Any CPU
		Release|Any CPU = Release|Any CPU
	EndGlobalSection
	GlobalSection(SolutionProperties) = preSolution
		HideSolutionNode = FALSE
	EndGlobalSection
	GlobalSection(ProjectConfigurationPlatforms) = postSolution
		{E7FA43CF-22E0-4E79-B6AF-91757E7C4F40}.Debug|Any CPU.ActiveCfg = Debug|Any CPU
		{E7FA43CF-22E0-4E79-B6AF-91757E7C4F40}.Debug|Any CPU.Build.0 = Debug|Any CPU
		{E7FA43CF-22E0-4E79-B6AF-91757E7C4F40}.Release|Any CPU.ActiveCfg = Release|Any CPU
		{E7FA43CF-22E0-4E79-B6AF-91757E7C4F40}.Release|Any CPU.Build.0 = Release|Any CPU
		{FF8A11AC-7A0C-4A25-B162-985B6EC32A00}.Debug|Any CPU.ActiveCfg = Debug|Any CPU
		{FF8A11AC-7A0C-4A25-B162-985B6EC32A00}.Debug|Any CPU.Build.0 = Debug|Any CPU
		{FF8A11AC-7A0C-4A25-B162-985B6EC32A00}.Release|Any CPU.ActiveCfg = Release|Any CPU
		{FF8A11AC-7A0C-4A25-B162-985B6EC32A00}.Release|Any CPU.Build.0 = Release|Any CPU
		{FC2F8F2F-A514-4074-A051-9F17B2888EAD}.Debug|Any CPU.ActiveCfg = Debug|Any CPU
		{FC2F8F2F-A514-4074-A051-9F17B2888EAD}.Debug|Any CPU.Build.0 = Debug|Any CPU
		{FC2F8F2F-A514-4074-A051-9F17B2888EAD}.Release|Any CPU.ActiveCfg = Release|Any CPU
		{FC2F8F2F-A514-4074-A051-9F17B2888EAD}.Release|Any CPU.Build.0 = Release|Any CPU
	EndGlobalSection
EndGlobal
